
Microsoft Visual Studio Solution File, Format Version 12.00
# Visual Studio Version 17
VisualStudioVersion = 17.0.32112.339
MinimumVisualStudioVersion = 10.0.40219.1
Project("{FAE04EC0-301F-11D3-BF4B-00C04F79EFBC}") = "Employee-Wage", "Employee-Wage\Employee-Wage.csproj", "{BE0CC453-5E68-4723-A3E5-3014B9B0A777}"
EndProject
Global
	GlobalSection(SolutionConfigurationPlatforms) = preSolution
		Debug|Any CPU = Debug|Any CPU
		Release|Any CPU = Release|Any CPU
	EndGlobalSection
	GlobalSection(ProjectConfigurationPlatforms) = postSolution
		{BE0CC453-5E68-4723-A3E5-3014B9B0A777}.Debug|Any CPU.ActiveCfg = Debug|Any CPU
		{BE0CC453-5E68-4723-A3E5-3014B9B0A777}.Debug|Any CPU.Build.0 = Debug|Any CPU
		{BE0CC453-5E68-4723-A3E5-3014B9B0A777}.Release|Any CPU.ActiveCfg = Release|Any CPU
		{BE0CC453-5E68-4723-A3E5-3014B9B0A777}.Release|Any CPU.Build.0 = Release|Any CPU
	EndGlobalSection
	GlobalSection(SolutionProperties) = preSolution
		HideSolutionNode = FALSE
	EndGlobalSection
	GlobalSection(ExtensibilityGlobals) = postSolution
		SolutionGuid = {6558D337-9CD5-4A73-ADB2-2AA977A5509A}
	EndGlobalSection
EndGlobal
