
Microsoft Visual Studio Solution File, Format Version 12.00
# Visual Studio Version 17
VisualStudioVersion = 17.0.32112.339
MinimumVisualStudioVersion = 10.0.40219.1
Project("{FAE04EC0-301F-11D3-BF4B-00C04F79EFBC}") = "AddressBookSystem", "AddressBookSystem\AddressBookSystem.csproj", "{8FF6052D-24CD-478A-ABD9-E34882EF3E8D}"
EndProject
Global
	GlobalSection(SolutionConfigurationPlatforms) = preSolution
		Debug|Any CPU = Debug|Any CPU
		Release|Any CPU = Release|Any CPU
	EndGlobalSection
	GlobalSection(ProjectConfigurationPlatforms) = postSolution
		{8FF6052D-24CD-478A-ABD9-E34882EF3E8D}.Debug|Any CPU.ActiveCfg = Debug|Any CPU
		{8FF6052D-24CD-478A-ABD9-E34882EF3E8D}.Debug|Any CPU.Build.0 = Debug|Any CPU
		{8FF6052D-24CD-478A-ABD9-E34882EF3E8D}.Release|Any CPU.ActiveCfg = Release|Any CPU
		{8FF6052D-24CD-478A-ABD9-E34882EF3E8D}.Release|Any CPU.Build.0 = Release|Any CPU
	EndGlobalSection
	GlobalSection(SolutionProperties) = preSolution
		HideSolutionNode = FALSE
	EndGlobalSection
	GlobalSection(ExtensibilityGlobals) = postSolution
		SolutionGuid = {AA93C1C0-CE04-4E64-A392-2F3A4ED74F25}
	EndGlobalSection
EndGlobal
